
Microsoft Visual Studio Solution File, Format Version 12.00
# Visual Studio 15
VisualStudioVersion = 15.0.27130.2010
MinimumVisualStudioVersion = 10.0.40219.1
Project("{FAE04EC0-301F-11D3-BF4B-00C04F79EFBC}") = "AdventOfCode", "AdventOfCode\AdventOfCode.csproj", "{2F861887-6238-48E5-B9FD-AF40D809C0BC}"
EndProject
Project("{FAE04EC0-301F-11D3-BF4B-00C04F79EFBC}") = "AdventOfCodeTests", "AdventOfCodeTests\AdventOfCodeTests.csproj", "{B178BAFB-4411-4C2B-B2FD-6D9EE416C6E2}"
EndProject
Global
	GlobalSection(SolutionConfigurationPlatforms) = preSolution
		Debug|Any CPU = Debug|Any CPU
		Release|Any CPU = Release|Any CPU
	EndGlobalSection
	GlobalSection(ProjectConfigurationPlatforms) = postSolution
		{2F861887-6238-48E5-B9FD-AF40D809C0BC}.Debug|Any CPU.ActiveCfg = Debug|Any CPU
		{2F861887-6238-48E5-B9FD-AF40D809C0BC}.Debug|Any CPU.Build.0 = Debug|Any CPU
		{2F861887-6238-48E5-B9FD-AF40D809C0BC}.Release|Any CPU.ActiveCfg = Release|Any CPU
		{2F861887-6238-48E5-B9FD-AF40D809C0BC}.Release|Any CPU.Build.0 = Release|Any CPU
		{B178BAFB-4411-4C2B-B2FD-6D9EE416C6E2}.Debug|Any CPU.ActiveCfg = Debug|Any CPU
		{B178BAFB-4411-4C2B-B2FD-6D9EE416C6E2}.Debug|Any CPU.Build.0 = Debug|Any CPU
		{B178BAFB-4411-4C2B-B2FD-6D9EE416C6E2}.Release|Any CPU.ActiveCfg = Release|Any CPU
		{B178BAFB-4411-4C2B-B2FD-6D9EE416C6E2}.Release|Any CPU.Build.0 = Release|Any CPU
	EndGlobalSection
	GlobalSection(SolutionProperties) = preSolution
		HideSolutionNode = FALSE
	EndGlobalSection
	GlobalSection(ExtensibilityGlobals) = postSolution
		SolutionGuid = {2A534D02-6A58-48A3-B073-4269D8B0B262}
	EndGlobalSection
EndGlobal
